
Microsoft Visual Studio Solution File, Format Version 12.00
# Visual Studio 15
Project("{FAE04EC0-301F-11D3-BF4B-00C04F79EFBC}") = "Assembly-CSharp", "Assembly-CSharp.csproj", "{A5B23F62-7F72-BE78-2529-3A8EC137ADC5}"
EndProject
Project("{FAE04EC0-301F-11D3-BF4B-00C04F79EFBC}") = "PathCreator", "PathCreator.csproj", "{A252C0DA-1FD8-C517-5B06-B620063ADA33}"
EndProject
Project("{FAE04EC0-301F-11D3-BF4B-00C04F79EFBC}") = "PathCreatorEditor", "PathCreatorEditor.csproj", "{45DB2751-24C0-233F-ADA3-98924BCCA0F2}"
EndProject
Project("{FAE04EC0-301F-11D3-BF4B-00C04F79EFBC}") = "Assembly-CSharp-Editor", "Assembly-CSharp-Editor.csproj", "{71A65F89-B537-E345-EE89-D76196977CD1}"
EndProject
Global
	GlobalSection(SolutionConfigurationPlatforms) = preSolution
		Debug|Any CPU = Debug|Any CPU
		Release|Any CPU = Release|Any CPU
	EndGlobalSection
	GlobalSection(ProjectConfigurationPlatforms) = postSolution
		{A5B23F62-7F72-BE78-2529-3A8EC137ADC5}.Debug|Any CPU.ActiveCfg = Debug|Any CPU
		{A5B23F62-7F72-BE78-2529-3A8EC137ADC5}.Debug|Any CPU.Build.0 = Debug|Any CPU
		{A5B23F62-7F72-BE78-2529-3A8EC137ADC5}.Release|Any CPU.ActiveCfg = Release|Any CPU
		{A5B23F62-7F72-BE78-2529-3A8EC137ADC5}.Release|Any CPU.Build.0 = Release|Any CPU
		{A252C0DA-1FD8-C517-5B06-B620063ADA33}.Debug|Any CPU.ActiveCfg = Debug|Any CPU
		{A252C0DA-1FD8-C517-5B06-B620063ADA33}.Debug|Any CPU.Build.0 = Debug|Any CPU
		{A252C0DA-1FD8-C517-5B06-B620063ADA33}.Release|Any CPU.ActiveCfg = Release|Any CPU
		{A252C0DA-1FD8-C517-5B06-B620063ADA33}.Release|Any CPU.Build.0 = Release|Any CPU
		{45DB2751-24C0-233F-ADA3-98924BCCA0F2}.Debug|Any CPU.ActiveCfg = Debug|Any CPU
		{45DB2751-24C0-233F-ADA3-98924BCCA0F2}.Debug|Any CPU.Build.0 = Debug|Any CPU
		{45DB2751-24C0-233F-ADA3-98924BCCA0F2}.Release|Any CPU.ActiveCfg = Release|Any CPU
		{45DB2751-24C0-233F-ADA3-98924BCCA0F2}.Release|Any CPU.Build.0 = Release|Any CPU
		{71A65F89-B537-E345-EE89-D76196977CD1}.Debug|Any CPU.ActiveCfg = Debug|Any CPU
		{71A65F89-B537-E345-EE89-D76196977CD1}.Debug|Any CPU.Build.0 = Debug|Any CPU
		{71A65F89-B537-E345-EE89-D76196977CD1}.Release|Any CPU.ActiveCfg = Release|Any CPU
		{71A65F89-B537-E345-EE89-D76196977CD1}.Release|Any CPU.Build.0 = Release|Any CPU
	EndGlobalSection
	GlobalSection(SolutionProperties) = preSolution
		HideSolutionNode = FALSE
	EndGlobalSection
EndGlobal
