
Microsoft Visual Studio Solution File, Format Version 12.00
# Visual Studio 15
Project("{FAE04EC0-301F-11D3-BF4B-00C04F79EFBC}") = "UnityEngine.UI", "UnityEngine.UI.csproj", "{A3A8D207-6029-84AD-57AE-FC696C2BEEC3}"
EndProject
Project("{FAE04EC0-301F-11D3-BF4B-00C04F79EFBC}") = "Unity.RenderPipelines.Core.Runtime", "Unity.RenderPipelines.Core.Runtime.csproj", "{2D37863C-C3B0-51C8-016B-5989C628BE56}"
EndProject
Project("{FAE04EC0-301F-11D3-BF4B-00C04F79EFBC}") = "UnityEngine.TestRunner", "UnityEngine.TestRunner.csproj", "{64959054-ADC6-62D1-9393-00F8CE94A4EE}"
EndProject
Project("{FAE04EC0-301F-11D3-BF4B-00C04F79EFBC}") = "Assembly-CSharp", "Assembly-CSharp.csproj", "{DA42D12E-A6E5-4D27-E08A-647C9F544C08}"
EndProject
Project("{FAE04EC0-301F-11D3-BF4B-00C04F79EFBC}") = "Unity.RenderPipelines.HighDefinition.Runtime", "Unity.RenderPipelines.HighDefinition.Runtime.csproj", "{D28E4D0B-6E8D-30C1-1F94-565A664353F9}"
EndProject
Project("{FAE04EC0-301F-11D3-BF4B-00C04F79EFBC}") = "Unity.TextMeshPro", "Unity.TextMeshPro.csproj", "{74B062CD-2578-B01F-2B88-E04977564DE1}"
EndProject
Project("{FAE04EC0-301F-11D3-BF4B-00C04F79EFBC}") = "Unity.VisualEffectGraph.Runtime", "Unity.VisualEffectGraph.Runtime.csproj", "{D6805536-F1E7-63A2-857A-2215ED7BA5E9}"
EndProject
Project("{FAE04EC0-301F-11D3-BF4B-00C04F79EFBC}") = "Unity.Timeline", "Unity.Timeline.csproj", "{047C4FC3-8250-BA7E-7EC4-420F2FF9517C}"
EndProject
Project("{FAE04EC0-301F-11D3-BF4B-00C04F79EFBC}") = "PathCreator", "PathCreator.csproj", "{E65E7EE8-2527-2953-42A8-BB779BDCC55A}"
EndProject
Project("{FAE04EC0-301F-11D3-BF4B-00C04F79EFBC}") = "Unity.RenderPipelines.Core.ShaderLibrary", "Unity.RenderPipelines.Core.ShaderLibrary.csproj", "{E3DF5765-E445-F3B5-4E73-E4A175BCB867}"
EndProject
Project("{FAE04EC0-301F-11D3-BF4B-00C04F79EFBC}") = "Unity.RenderPipelines.ShaderGraph.ShaderGraphLibrary", "Unity.RenderPipelines.ShaderGraph.ShaderGraphLibrary.csproj", "{3433842D-A31A-4BF9-BF3C-F93F9F23DA1E}"
EndProject
Project("{FAE04EC0-301F-11D3-BF4B-00C04F79EFBC}") = "Unity.RenderPipelines.HighDefinition.Config.Runtime", "Unity.RenderPipelines.HighDefinition.Config.Runtime.csproj", "{9790BFBE-BE9E-0B33-AFAF-0FDC059C311D}"
EndProject
Project("{FAE04EC0-301F-11D3-BF4B-00C04F79EFBC}") = "Unity.PlasticSCM.Editor", "Unity.PlasticSCM.Editor.csproj", "{72A2701E-70DD-FB6C-2DEA-E09CE99E6367}"
EndProject
Project("{FAE04EC0-301F-11D3-BF4B-00C04F79EFBC}") = "Unity.RenderPipelines.HighDefinition.Editor", "Unity.RenderPipelines.HighDefinition.Editor.csproj", "{4CBB5D2B-C14C-3526-0544-5A241458CB9E}"
EndProject
Project("{FAE04EC0-301F-11D3-BF4B-00C04F79EFBC}") = "Unity.ShaderGraph.Editor", "Unity.ShaderGraph.Editor.csproj", "{07F3DAE1-7D03-6898-95D6-6466C9A8029B}"
EndProject
Project("{FAE04EC0-301F-11D3-BF4B-00C04F79EFBC}") = "Unity.VisualEffectGraph.Editor", "Unity.VisualEffectGraph.Editor.csproj", "{118E5D97-C307-D9A7-A0FD-22EE5A5E2C48}"
EndProject
Project("{FAE04EC0-301F-11D3-BF4B-00C04F79EFBC}") = "Unity.VisualStudio.Editor", "Unity.VisualStudio.Editor.csproj", "{8661DE5A-DC12-8F8C-546D-ABD4B33B4F65}"
EndProject
Project("{FAE04EC0-301F-11D3-BF4B-00C04F79EFBC}") = "Unity.Timeline.Editor", "Unity.Timeline.Editor.csproj", "{1CA51A71-A7ED-9833-C476-4DD3B7F7549F}"
EndProject
Project("{FAE04EC0-301F-11D3-BF4B-00C04F79EFBC}") = "Unity.TextMeshPro.Editor", "Unity.TextMeshPro.Editor.csproj", "{9E79422B-F28C-D7D1-4ECE-738B83D64C4E}"
EndProject
Project("{FAE04EC0-301F-11D3-BF4B-00C04F79EFBC}") = "Unity.CollabProxy.Editor", "Unity.CollabProxy.Editor.csproj", "{9FDEF7DB-6671-921E-F635-B2E5B901DD56}"
EndProject
Project("{FAE04EC0-301F-11D3-BF4B-00C04F79EFBC}") = "UnityEditor.TestRunner", "UnityEditor.TestRunner.csproj", "{AAE54311-20D9-E690-47B0-40DD7978944F}"
EndProject
Project("{FAE04EC0-301F-11D3-BF4B-00C04F79EFBC}") = "Unity.Rider.Editor", "Unity.Rider.Editor.csproj", "{060E26ED-15D6-0621-8CFB-1E493DBBCA8C}"
EndProject
Project("{FAE04EC0-301F-11D3-BF4B-00C04F79EFBC}") = "Unity.RenderPipelines.Core.Editor", "Unity.RenderPipelines.Core.Editor.csproj", "{457CA26E-8BCE-9182-2EF2-6826A7D1ADCA}"
EndProject
Project("{FAE04EC0-301F-11D3-BF4B-00C04F79EFBC}") = "Unity.Searcher.Editor", "Unity.Searcher.Editor.csproj", "{02351197-C667-C29A-1EA6-E8D22F336560}"
EndProject
Project("{FAE04EC0-301F-11D3-BF4B-00C04F79EFBC}") = "Unity.VSCode.Editor", "Unity.VSCode.Editor.csproj", "{620EC24A-182E-32F0-011B-543E140D24FF}"
EndProject
Project("{FAE04EC0-301F-11D3-BF4B-00C04F79EFBC}") = "UnityEditor.UI", "UnityEditor.UI.csproj", "{2135B792-1548-C541-2CFD-4CC40F589698}"
EndProject
Project("{FAE04EC0-301F-11D3-BF4B-00C04F79EFBC}") = "PathCreatorEditor", "PathCreatorEditor.csproj", "{BAD74C73-7504-5CD2-FFCD-6B43A3DA3F70}"
EndProject
Project("{FAE04EC0-301F-11D3-BF4B-00C04F79EFBC}") = "Unity.ShaderGraph.Utilities", "Unity.ShaderGraph.Utilities.csproj", "{9D3BB899-B83F-2AFD-D995-270F9DF37FA6}"
EndProject
Project("{FAE04EC0-301F-11D3-BF4B-00C04F79EFBC}") = "Assembly-CSharp-Editor", "Assembly-CSharp-Editor.csproj", "{9AE6FA49-36A3-5C6A-C2F8-A1261D0E9992}"
EndProject
Global
	GlobalSection(SolutionConfigurationPlatforms) = preSolution
		Debug|Any CPU = Debug|Any CPU
		Release|Any CPU = Release|Any CPU
	EndGlobalSection
	GlobalSection(ProjectConfigurationPlatforms) = postSolution
		{A3A8D207-6029-84AD-57AE-FC696C2BEEC3}.Debug|Any CPU.ActiveCfg = Debug|Any CPU
		{A3A8D207-6029-84AD-57AE-FC696C2BEEC3}.Debug|Any CPU.Build.0 = Debug|Any CPU
		{A3A8D207-6029-84AD-57AE-FC696C2BEEC3}.Release|Any CPU.ActiveCfg = Release|Any CPU
		{A3A8D207-6029-84AD-57AE-FC696C2BEEC3}.Release|Any CPU.Build.0 = Release|Any CPU
		{2D37863C-C3B0-51C8-016B-5989C628BE56}.Debug|Any CPU.ActiveCfg = Debug|Any CPU
		{2D37863C-C3B0-51C8-016B-5989C628BE56}.Debug|Any CPU.Build.0 = Debug|Any CPU
		{2D37863C-C3B0-51C8-016B-5989C628BE56}.Release|Any CPU.ActiveCfg = Release|Any CPU
		{2D37863C-C3B0-51C8-016B-5989C628BE56}.Release|Any CPU.Build.0 = Release|Any CPU
		{64959054-ADC6-62D1-9393-00F8CE94A4EE}.Debug|Any CPU.ActiveCfg = Debug|Any CPU
		{64959054-ADC6-62D1-9393-00F8CE94A4EE}.Debug|Any CPU.Build.0 = Debug|Any CPU
		{64959054-ADC6-62D1-9393-00F8CE94A4EE}.Release|Any CPU.ActiveCfg = Release|Any CPU
		{64959054-ADC6-62D1-9393-00F8CE94A4EE}.Release|Any CPU.Build.0 = Release|Any CPU
		{DA42D12E-A6E5-4D27-E08A-647C9F544C08}.Debug|Any CPU.ActiveCfg = Debug|Any CPU
		{DA42D12E-A6E5-4D27-E08A-647C9F544C08}.Debug|Any CPU.Build.0 = Debug|Any CPU
		{DA42D12E-A6E5-4D27-E08A-647C9F544C08}.Release|Any CPU.ActiveCfg = Release|Any CPU
		{DA42D12E-A6E5-4D27-E08A-647C9F544C08}.Release|Any CPU.Build.0 = Release|Any CPU
		{D28E4D0B-6E8D-30C1-1F94-565A664353F9}.Debug|Any CPU.ActiveCfg = Debug|Any CPU
		{D28E4D0B-6E8D-30C1-1F94-565A664353F9}.Debug|Any CPU.Build.0 = Debug|Any CPU
		{D28E4D0B-6E8D-30C1-1F94-565A664353F9}.Release|Any CPU.ActiveCfg = Release|Any CPU
		{D28E4D0B-6E8D-30C1-1F94-565A664353F9}.Release|Any CPU.Build.0 = Release|Any CPU
		{74B062CD-2578-B01F-2B88-E04977564DE1}.Debug|Any CPU.ActiveCfg = Debug|Any CPU
		{74B062CD-2578-B01F-2B88-E04977564DE1}.Debug|Any CPU.Build.0 = Debug|Any CPU
		{74B062CD-2578-B01F-2B88-E04977564DE1}.Release|Any CPU.ActiveCfg = Release|Any CPU
		{74B062CD-2578-B01F-2B88-E04977564DE1}.Release|Any CPU.Build.0 = Release|Any CPU
		{D6805536-F1E7-63A2-857A-2215ED7BA5E9}.Debug|Any CPU.ActiveCfg = Debug|Any CPU
		{D6805536-F1E7-63A2-857A-2215ED7BA5E9}.Debug|Any CPU.Build.0 = Debug|Any CPU
		{D6805536-F1E7-63A2-857A-2215ED7BA5E9}.Release|Any CPU.ActiveCfg = Release|Any CPU
		{D6805536-F1E7-63A2-857A-2215ED7BA5E9}.Release|Any CPU.Build.0 = Release|Any CPU
		{047C4FC3-8250-BA7E-7EC4-420F2FF9517C}.Debug|Any CPU.ActiveCfg = Debug|Any CPU
		{047C4FC3-8250-BA7E-7EC4-420F2FF9517C}.Debug|Any CPU.Build.0 = Debug|Any CPU
		{047C4FC3-8250-BA7E-7EC4-420F2FF9517C}.Release|Any CPU.ActiveCfg = Release|Any CPU
		{047C4FC3-8250-BA7E-7EC4-420F2FF9517C}.Release|Any CPU.Build.0 = Release|Any CPU
		{E65E7EE8-2527-2953-42A8-BB779BDCC55A}.Debug|Any CPU.ActiveCfg = Debug|Any CPU
		{E65E7EE8-2527-2953-42A8-BB779BDCC55A}.Debug|Any CPU.Build.0 = Debug|Any CPU
		{E65E7EE8-2527-2953-42A8-BB779BDCC55A}.Release|Any CPU.ActiveCfg = Release|Any CPU
		{E65E7EE8-2527-2953-42A8-BB779BDCC55A}.Release|Any CPU.Build.0 = Release|Any CPU
		{E3DF5765-E445-F3B5-4E73-E4A175BCB867}.Debug|Any CPU.ActiveCfg = Debug|Any CPU
		{E3DF5765-E445-F3B5-4E73-E4A175BCB867}.Debug|Any CPU.Build.0 = Debug|Any CPU
		{E3DF5765-E445-F3B5-4E73-E4A175BCB867}.Release|Any CPU.ActiveCfg = Release|Any CPU
		{E3DF5765-E445-F3B5-4E73-E4A175BCB867}.Release|Any CPU.Build.0 = Release|Any CPU
		{3433842D-A31A-4BF9-BF3C-F93F9F23DA1E}.Debug|Any CPU.ActiveCfg = Debug|Any CPU
		{3433842D-A31A-4BF9-BF3C-F93F9F23DA1E}.Debug|Any CPU.Build.0 = Debug|Any CPU
		{3433842D-A31A-4BF9-BF3C-F93F9F23DA1E}.Release|Any CPU.ActiveCfg = Release|Any CPU
		{3433842D-A31A-4BF9-BF3C-F93F9F23DA1E}.Release|Any CPU.Build.0 = Release|Any CPU
		{9790BFBE-BE9E-0B33-AFAF-0FDC059C311D}.Debug|Any CPU.ActiveCfg = Debug|Any CPU
		{9790BFBE-BE9E-0B33-AFAF-0FDC059C311D}.Debug|Any CPU.Build.0 = Debug|Any CPU
		{9790BFBE-BE9E-0B33-AFAF-0FDC059C311D}.Release|Any CPU.ActiveCfg = Release|Any CPU
		{9790BFBE-BE9E-0B33-AFAF-0FDC059C311D}.Release|Any CPU.Build.0 = Release|Any CPU
		{72A2701E-70DD-FB6C-2DEA-E09CE99E6367}.Debug|Any CPU.ActiveCfg = Debug|Any CPU
		{72A2701E-70DD-FB6C-2DEA-E09CE99E6367}.Debug|Any CPU.Build.0 = Debug|Any CPU
		{72A2701E-70DD-FB6C-2DEA-E09CE99E6367}.Release|Any CPU.ActiveCfg = Release|Any CPU
		{72A2701E-70DD-FB6C-2DEA-E09CE99E6367}.Release|Any CPU.Build.0 = Release|Any CPU
		{4CBB5D2B-C14C-3526-0544-5A241458CB9E}.Debug|Any CPU.ActiveCfg = Debug|Any CPU
		{4CBB5D2B-C14C-3526-0544-5A241458CB9E}.Debug|Any CPU.Build.0 = Debug|Any CPU
		{4CBB5D2B-C14C-3526-0544-5A241458CB9E}.Release|Any CPU.ActiveCfg = Release|Any CPU
		{4CBB5D2B-C14C-3526-0544-5A241458CB9E}.Release|Any CPU.Build.0 = Release|Any CPU
		{07F3DAE1-7D03-6898-95D6-6466C9A8029B}.Debug|Any CPU.ActiveCfg = Debug|Any CPU
		{07F3DAE1-7D03-6898-95D6-6466C9A8029B}.Debug|Any CPU.Build.0 = Debug|Any CPU
		{07F3DAE1-7D03-6898-95D6-6466C9A8029B}.Release|Any CPU.ActiveCfg = Release|Any CPU
		{07F3DAE1-7D03-6898-95D6-6466C9A8029B}.Release|Any CPU.Build.0 = Release|Any CPU
		{118E5D97-C307-D9A7-A0FD-22EE5A5E2C48}.Debug|Any CPU.ActiveCfg = Debug|Any CPU
		{118E5D97-C307-D9A7-A0FD-22EE5A5E2C48}.Debug|Any CPU.Build.0 = Debug|Any CPU
		{118E5D97-C307-D9A7-A0FD-22EE5A5E2C48}.Release|Any CPU.ActiveCfg = Release|Any CPU
		{118E5D97-C307-D9A7-A0FD-22EE5A5E2C48}.Release|Any CPU.Build.0 = Release|Any CPU
		{8661DE5A-DC12-8F8C-546D-ABD4B33B4F65}.Debug|Any CPU.ActiveCfg = Debug|Any CPU
		{8661DE5A-DC12-8F8C-546D-ABD4B33B4F65}.Debug|Any CPU.Build.0 = Debug|Any CPU
		{8661DE5A-DC12-8F8C-546D-ABD4B33B4F65}.Release|Any CPU.ActiveCfg = Release|Any CPU
		{8661DE5A-DC12-8F8C-546D-ABD4B33B4F65}.Release|Any CPU.Build.0 = Release|Any CPU
		{1CA51A71-A7ED-9833-C476-4DD3B7F7549F}.Debug|Any CPU.ActiveCfg = Debug|Any CPU
		{1CA51A71-A7ED-9833-C476-4DD3B7F7549F}.Debug|Any CPU.Build.0 = Debug|Any CPU
		{1CA51A71-A7ED-9833-C476-4DD3B7F7549F}.Release|Any CPU.ActiveCfg = Release|Any CPU
		{1CA51A71-A7ED-9833-C476-4DD3B7F7549F}.Release|Any CPU.Build.0 = Release|Any CPU
		{9E79422B-F28C-D7D1-4ECE-738B83D64C4E}.Debug|Any CPU.ActiveCfg = Debug|Any CPU
		{9E79422B-F28C-D7D1-4ECE-738B83D64C4E}.Debug|Any CPU.Build.0 = Debug|Any CPU
		{9E79422B-F28C-D7D1-4ECE-738B83D64C4E}.Release|Any CPU.ActiveCfg = Release|Any CPU
		{9E79422B-F28C-D7D1-4ECE-738B83D64C4E}.Release|Any CPU.Build.0 = Release|Any CPU
		{9FDEF7DB-6671-921E-F635-B2E5B901DD56}.Debug|Any CPU.ActiveCfg = Debug|Any CPU
		{9FDEF7DB-6671-921E-F635-B2E5B901DD56}.Debug|Any CPU.Build.0 = Debug|Any CPU
		{9FDEF7DB-6671-921E-F635-B2E5B901DD56}.Release|Any CPU.ActiveCfg = Release|Any CPU
		{9FDEF7DB-6671-921E-F635-B2E5B901DD56}.Release|Any CPU.Build.0 = Release|Any CPU
		{AAE54311-20D9-E690-47B0-40DD7978944F}.Debug|Any CPU.ActiveCfg = Debug|Any CPU
		{AAE54311-20D9-E690-47B0-40DD7978944F}.Debug|Any CPU.Build.0 = Debug|Any CPU
		{AAE54311-20D9-E690-47B0-40DD7978944F}.Release|Any CPU.ActiveCfg = Release|Any CPU
		{AAE54311-20D9-E690-47B0-40DD7978944F}.Release|Any CPU.Build.0 = Release|Any CPU
		{060E26ED-15D6-0621-8CFB-1E493DBBCA8C}.Debug|Any CPU.ActiveCfg = Debug|Any CPU
		{060E26ED-15D6-0621-8CFB-1E493DBBCA8C}.Debug|Any CPU.Build.0 = Debug|Any CPU
		{060E26ED-15D6-0621-8CFB-1E493DBBCA8C}.Release|Any CPU.ActiveCfg = Release|Any CPU
		{060E26ED-15D6-0621-8CFB-1E493DBBCA8C}.Release|Any CPU.Build.0 = Release|Any CPU
		{457CA26E-8BCE-9182-2EF2-6826A7D1ADCA}.Debug|Any CPU.ActiveCfg = Debug|Any CPU
		{457CA26E-8BCE-9182-2EF2-6826A7D1ADCA}.Debug|Any CPU.Build.0 = Debug|Any CPU
		{457CA26E-8BCE-9182-2EF2-6826A7D1ADCA}.Release|Any CPU.ActiveCfg = Release|Any CPU
		{457CA26E-8BCE-9182-2EF2-6826A7D1ADCA}.Release|Any CPU.Build.0 = Release|Any CPU
		{02351197-C667-C29A-1EA6-E8D22F336560}.Debug|Any CPU.ActiveCfg = Debug|Any CPU
		{02351197-C667-C29A-1EA6-E8D22F336560}.Debug|Any CPU.Build.0 = Debug|Any CPU
		{02351197-C667-C29A-1EA6-E8D22F336560}.Release|Any CPU.ActiveCfg = Release|Any CPU
		{02351197-C667-C29A-1EA6-E8D22F336560}.Release|Any CPU.Build.0 = Release|Any CPU
		{620EC24A-182E-32F0-011B-543E140D24FF}.Debug|Any CPU.ActiveCfg = Debug|Any CPU
		{620EC24A-182E-32F0-011B-543E140D24FF}.Debug|Any CPU.Build.0 = Debug|Any CPU
		{620EC24A-182E-32F0-011B-543E140D24FF}.Release|Any CPU.ActiveCfg = Release|Any CPU
		{620EC24A-182E-32F0-011B-543E140D24FF}.Release|Any CPU.Build.0 = Release|Any CPU
		{2135B792-1548-C541-2CFD-4CC40F589698}.Debug|Any CPU.ActiveCfg = Debug|Any CPU
		{2135B792-1548-C541-2CFD-4CC40F589698}.Debug|Any CPU.Build.0 = Debug|Any CPU
		{2135B792-1548-C541-2CFD-4CC40F589698}.Release|Any CPU.ActiveCfg = Release|Any CPU
		{2135B792-1548-C541-2CFD-4CC40F589698}.Release|Any CPU.Build.0 = Release|Any CPU
		{BAD74C73-7504-5CD2-FFCD-6B43A3DA3F70}.Debug|Any CPU.ActiveCfg = Debug|Any CPU
		{BAD74C73-7504-5CD2-FFCD-6B43A3DA3F70}.Debug|Any CPU.Build.0 = Debug|Any CPU
		{BAD74C73-7504-5CD2-FFCD-6B43A3DA3F70}.Release|Any CPU.ActiveCfg = Release|Any CPU
		{BAD74C73-7504-5CD2-FFCD-6B43A3DA3F70}.Release|Any CPU.Build.0 = Release|Any CPU
		{9D3BB899-B83F-2AFD-D995-270F9DF37FA6}.Debug|Any CPU.ActiveCfg = Debug|Any CPU
		{9D3BB899-B83F-2AFD-D995-270F9DF37FA6}.Debug|Any CPU.Build.0 = Debug|Any CPU
		{9D3BB899-B83F-2AFD-D995-270F9DF37FA6}.Release|Any CPU.ActiveCfg = Release|Any CPU
		{9D3BB899-B83F-2AFD-D995-270F9DF37FA6}.Release|Any CPU.Build.0 = Release|Any CPU
		{9AE6FA49-36A3-5C6A-C2F8-A1261D0E9992}.Debug|Any CPU.ActiveCfg = Debug|Any CPU
		{9AE6FA49-36A3-5C6A-C2F8-A1261D0E9992}.Debug|Any CPU.Build.0 = Debug|Any CPU
		{9AE6FA49-36A3-5C6A-C2F8-A1261D0E9992}.Release|Any CPU.ActiveCfg = Release|Any CPU
		{9AE6FA49-36A3-5C6A-C2F8-A1261D0E9992}.Release|Any CPU.Build.0 = Release|Any CPU
	EndGlobalSection
	GlobalSection(SolutionProperties) = preSolution
		HideSolutionNode = FALSE
	EndGlobalSection
EndGlobal
